# This file is automatically @generated by Cargo.
# It is not intended for manual editing.
[[package]]
name = "hex"
version = "0.3.2"
source = "registry+https://github.com/rust-lang/crates.io-index"

[[package]]
name = "simple-error"
version = "0.2.1"
source = "registry+https://github.com/rust-lang/crates.io-index"

[[package]]
name = "uni"
version = "0.1.0"
dependencies = [
 "hex 0.3.2 (registry+https://github.com/rust-lang/crates.io-index)",
 "simple-error 0.2.1 (registry+https://github.com/rust-lang/crates.io-index)",
]

[metadata]
"checksum hex 0.3.2 (registry+https://github.com/rust-lang/crates.io-index)" = "805026a5d0141ffc30abb3be3173848ad46a1b1664fe632428479619a3644d77"
"checksum simple-error 0.2.1 (registry+https://github.com/rust-lang/crates.io-index)" = "339844c9af2d844b9230bb28e8f819a7790cbf20a29b5cbd2b59916a03a1ef51"
